{
    "name": "middleware",
    "requires": true,
    "lockfileVersion": 1,
    "dependencies": {
        "connect": {
            "version": "3.0.0",
            "resolved": "https://registry.npmjs.org/connect/-/connect-3.0.0.tgz",
            "integrity": "sha1-QGzPLjlpIyUewMoxshknnA4ZWv4=",
            "requires": {
                "debug": "0.8.1",
                "escape-html": "1.0.1",
                "parseurl": "1.0.1",
                "utils-merge": "1.0.0"
            }
        },
        "debug": {
            "version": "0.8.1",
            "resolved": "https://registry.npmjs.org/debug/-/debug-0.8.1.tgz",
            "integrity": "sha1-IP9NJvXkIstoobrLu2EDmtjBwTA="
        },
        "escape-html": {
            "version": "1.0.1",
            "resolved": "https://registry.npmjs.org/escape-html/-/escape-html-1.0.1.tgz",
            "integrity": "sha1-GBoobq05ejmpKFfPsdQwUuNWv/A="
        },
        "parseurl": {
            "version": "1.0.1",
            "resolved": "https://registry.npmjs.org/parseurl/-/parseurl-1.0.1.tgz",
            "integrity": "sha1-Llfc5u/dN8NRhwEDCUTCK/OIt7Q="
        },
        "utils-merge": {
            "version": "1.0.0",
            "resolved": "https://registry.npmjs.org/utils-merge/-/utils-merge-1.0.0.tgz",
            "integrity": "sha1-ApT7kiu5N1FTVBxPcJYjHyh8ivg="
        }
    }
}
